
Microsoft Visual Studio Solution File, Format Version 12.00
# Visual Studio 15
VisualStudioVersion = 15.0.27130.2027
MinimumVisualStudioVersion = 10.0.40219.1
Project("{FAE04EC0-301F-11D3-BF4B-00C04F79EFBC}") = "ProductApp", "ProductApp\ProductApp.csproj", "{26852948-9D6D-4910-81BB-1434C0CF8CFE}"
EndProject
Project("{FAE04EC0-301F-11D3-BF4B-00C04F79EFBC}") = "WebFormApplication", "WebFormApplication\WebFormApplication.csproj", "{C3BC53ED-01B2-4AB9-A9E0-DEC3C0238FD7}"
EndProject
Project("{FAE04EC0-301F-11D3-BF4B-00C04F79EFBC}") = "BookAPI", "BookAPI\BookAPI.csproj", "{DF6DC174-9A3E-4D5B-8F0A-F00E481598F8}"
EndProject
Project("{FAE04EC0-301F-11D3-BF4B-00C04F79EFBC}") = "BookServices", "BookServices\BookServices.csproj", "{528CAB84-A3FE-4B70-915A-18329F06F5E5}"
EndProject
Global
	GlobalSection(SolutionConfigurationPlatforms) = preSolution
		Debug|Any CPU = Debug|Any CPU
		Release|Any CPU = Release|Any CPU
	EndGlobalSection
	GlobalSection(ProjectConfigurationPlatforms) = postSolution
		{26852948-9D6D-4910-81BB-1434C0CF8CFE}.Debug|Any CPU.ActiveCfg = Debug|Any CPU
		{26852948-9D6D-4910-81BB-1434C0CF8CFE}.Debug|Any CPU.Build.0 = Debug|Any CPU
		{26852948-9D6D-4910-81BB-1434C0CF8CFE}.Release|Any CPU.ActiveCfg = Release|Any CPU
		{26852948-9D6D-4910-81BB-1434C0CF8CFE}.Release|Any CPU.Build.0 = Release|Any CPU
		{C3BC53ED-01B2-4AB9-A9E0-DEC3C0238FD7}.Debug|Any CPU.ActiveCfg = Debug|Any CPU
		{C3BC53ED-01B2-4AB9-A9E0-DEC3C0238FD7}.Debug|Any CPU.Build.0 = Debug|Any CPU
		{C3BC53ED-01B2-4AB9-A9E0-DEC3C0238FD7}.Release|Any CPU.ActiveCfg = Release|Any CPU
		{C3BC53ED-01B2-4AB9-A9E0-DEC3C0238FD7}.Release|Any CPU.Build.0 = Release|Any CPU
		{DF6DC174-9A3E-4D5B-8F0A-F00E481598F8}.Debug|Any CPU.ActiveCfg = Debug|Any CPU
		{DF6DC174-9A3E-4D5B-8F0A-F00E481598F8}.Debug|Any CPU.Build.0 = Debug|Any CPU
		{DF6DC174-9A3E-4D5B-8F0A-F00E481598F8}.Release|Any CPU.ActiveCfg = Release|Any CPU
		{DF6DC174-9A3E-4D5B-8F0A-F00E481598F8}.Release|Any CPU.Build.0 = Release|Any CPU
		{528CAB84-A3FE-4B70-915A-18329F06F5E5}.Debug|Any CPU.ActiveCfg = Debug|Any CPU
		{528CAB84-A3FE-4B70-915A-18329F06F5E5}.Debug|Any CPU.Build.0 = Debug|Any CPU
		{528CAB84-A3FE-4B70-915A-18329F06F5E5}.Release|Any CPU.ActiveCfg = Release|Any CPU
		{528CAB84-A3FE-4B70-915A-18329F06F5E5}.Release|Any CPU.Build.0 = Release|Any CPU
	EndGlobalSection
	GlobalSection(SolutionProperties) = preSolution
		HideSolutionNode = FALSE
	EndGlobalSection
	GlobalSection(ExtensibilityGlobals) = postSolution
		SolutionGuid = {D4B133CB-63FB-44E2-BA8B-96BA0F5912B9}
	EndGlobalSection
EndGlobal
